PODS:
  - Result (4.0.0)
  - SwiftGen (5.3.0)
  - SwiftyBeaver (1.5.2)

DEPENDENCIES:
  - Result
  - SwiftGen
  - SwiftyBeaver

SPEC CHECKSUMS:
  Result: 7645bb3f50c2ce726dd0ff2fa7b6f42bbe6c3713
  SwiftGen: 4379bd3640b0a212a0f6ea3c494adba385513d10
  SwiftyBeaver: 85daaaa2b3ae6e31b7b55c99430e8b91dac088af

PODFILE CHECKSUM: 7c54389e969b1ef9fae31168b0295e951cce866f

COCOAPODS: 1.4.0
