// !$*UTF8*$!
{
	archiveVersion = 1;
	classes = {
	};
	objectVersion = 50;
	objects = {

/* Begin PBXBuildFile section */
		09268BD5CC811F03B3C74CAD /* Pods_gasolinapp.framework in Frameworks */ = {isa = PBXBuildFile; fileRef = 6071D20D988E07E6CEC4A744 /* Pods_gasolinapp.framework */; };
		DC835603C4AC24131A448428 /* Pods_gasolinappTests.framework in Frameworks */ = {isa = PBXBuildFile; fileRef = 3C7A0AE39AB14A51DBD2C0D4 /* Pods_gasolinappTests.framework */; };
		E243984A20E8C8DA0056C61F /* AppDelegateComponent.swift in Sources */ = {isa = PBXBuildFile; fileRef = E243984920E8C8DA0056C61F /* AppDelegateComponent.swift */; };
		E243984C20E8C8EA0056C61F /* AppDelegateComponents.swift in Sources */ = {isa = PBXBuildFile; fileRef = E243984B20E8C8EA0056C61F /* AppDelegateComponents.swift */; };
		E243985020E8CA950056C61F /* RootConnector.swift in Sources */ = {isa = PBXBuildFile; fileRef = E243984F20E8CA950056C61F /* RootConnector.swift */; };
		E243985820E8D14D0056C61F /* Storyboards.swift in Sources */ = {isa = PBXBuildFile; fileRef = E243985720E8D14D0056C61F /* Storyboards.swift */; };
		E243985A20E8D1580056C61F /* Assets.swift in Sources */ = {isa = PBXBuildFile; fileRef = E243985920E8D1580056C61F /* Assets.swift */; };
		E243985D20E94CB10056C61F /* AppDelegateTests.swift in Sources */ = {isa = PBXBuildFile; fileRef = E243985C20E94CB10056C61F /* AppDelegateTests.swift */; };
		E243986020E94D1C0056C61F /* TestingAppDelegate.swift in Sources */ = {isa = PBXBuildFile; fileRef = E243985E20E94D1B0056C61F /* TestingAppDelegate.swift */; };
		E243986120E94D1C0056C61F /* TestingAppDelegateComponents.swift in Sources */ = {isa = PBXBuildFile; fileRef = E243985F20E94D1B0056C61F /* TestingAppDelegateComponents.swift */; };
		E243986320E94DE00056C61F /* main.swift in Sources */ = {isa = PBXBuildFile; fileRef = E243986220E94DDF0056C61F /* main.swift */; };
		E2B8219E20E8BF1A009CD608 /* AppDelegate.swift in Sources */ = {isa = PBXBuildFile; fileRef = E2B8219D20E8BF1A009CD608 /* AppDelegate.swift */; };
		E2B821A020E8BF1A009CD608 /* ViewController.swift in Sources */ = {isa = PBXBuildFile; fileRef = E2B8219F20E8BF1A009CD608 /* ViewController.swift */; };
		E2B821A320E8BF1A009CD608 /* Main.storyboard in Resources */ = {isa = PBXBuildFile; fileRef = E2B821A120E8BF1A009CD608 /* Main.storyboard */; };
		E2B821A520E8BF1C009CD608 /* Assets.xcassets in Resources */ = {isa = PBXBuildFile; fileRef = E2B821A420E8BF1C009CD608 /* Assets.xcassets */; };
		E2B821A820E8BF1C009CD608 /* LaunchScreen.storyboard in Resources */ = {isa = PBXBuildFile; fileRef = E2B821A620E8BF1C009CD608 /* LaunchScreen.storyboard */; };
		E2B821B320E8BF1C009CD608 /* gasolinappTests.swift in Sources */ = {isa = PBXBuildFile; fileRef = E2B821B220E8BF1C009CD608 /* gasolinappTests.swift */; };
		E2B821BE20E8BF1C009CD608 /* gasolinappUITests.swift in Sources */ = {isa = PBXBuildFile; fileRef = E2B821BD20E8BF1C009CD608 /* gasolinappUITests.swift */; };
		E2B821CD20E8C02C009CD608 /* Podfile in Resources */ = {isa = PBXBuildFile; fileRef = E2B821CC20E8C02C009CD608 /* Podfile */; };
		E2C2184020F0C0E1004EA7D4 /* GoogleService-Info.plist in Resources */ = {isa = PBXBuildFile; fileRef = E2C2183F20F0C0E1004EA7D4 /* GoogleService-Info.plist */; };
		E2C2184220F0C17E004EA7D4 /* FirebaseAppDelegateComponent.swift in Sources */ = {isa = PBXBuildFile; fileRef = E2C2184120F0C17E004EA7D4 /* FirebaseAppDelegateComponent.swift */; };
		F532909C4DFF70684380D9CF /* Pods_gasolinappUITests.framework in Frameworks */ = {isa = PBXBuildFile; fileRef = 553B3A7A42D477D5A2399556 /* Pods_gasolinappUITests.framework */; };
/* End PBXBuildFile section */

/* Begin PBXContainerItemProxy section */
		E2B821AF20E8BF1C009CD608 /* PBXContainerItemProxy */ = {
			isa = PBXContainerItemProxy;
			containerPortal = E2B8219220E8BF1A009CD608 /* Project object */;
			proxyType = 1;
			remoteGlobalIDString = E2B8219920E8BF1A009CD608;
			remoteInfo = gasolinapp;
		};
		E2B821BA20E8BF1C009CD608 /* PBXContainerItemProxy */ = {
			isa = PBXContainerItemProxy;
			containerPortal = E2B8219220E8BF1A009CD608 /* Project object */;
			proxyType = 1;
			remoteGlobalIDString = E2B8219920E8BF1A009CD608;
			remoteInfo = gasolinapp;
		};
/* End PBXContainerItemProxy section */

/* Begin PBXFileReference section */
		09D23DBC24EF95F321055C75 /* Pods-gasolinappUITests.debug.xcconfig */ = {isa = PBXFileReference; includeInIndex = 1; lastKnownFileType = text.xcconfig; name = "Pods-gasolinappUITests.debug.xcconfig"; path = "Pods/Target Support Files/Pods-gasolinappUITests/Pods-gasolinappUITests.debug.xcconfig"; sourceTree = "<group>"; };
		18372500B3F07AB29C032928 /* Pods-gasolinappUITests.release.xcconfig */ = {isa = PBXFileReference; includeInIndex = 1; lastKnownFileType = text.xcconfig; name = "Pods-gasolinappUITests.release.xcconfig"; path = "Pods/Target Support Files/Pods-gasolinappUITests/Pods-gasolinappUITests.release.xcconfig"; sourceTree = "<group>"; };
		1DDBBAE134CBE47EE731CB05 /* Pods-gasolinappTests.release.xcconfig */ = {isa = PBXFileReference; includeInIndex = 1; lastKnownFileType = text.xcconfig; name = "Pods-gasolinappTests.release.xcconfig"; path = "Pods/Target Support Files/Pods-gasolinappTests/Pods-gasolinappTests.release.xcconfig"; sourceTree = "<group>"; };
		3B71C747267D50D6BE1919B4 /* Pods-gasolinapp.debug.xcconfig */ = {isa = PBXFileReference; includeInIndex = 1; lastKnownFileType = text.xcconfig; name = "Pods-gasolinapp.debug.xcconfig"; path = "Pods/Target Support Files/Pods-gasolinapp/Pods-gasolinapp.debug.xcconfig"; sourceTree = "<group>"; };
		3C7A0AE39AB14A51DBD2C0D4 /* Pods_gasolinappTests.framework */ = {isa = PBXFileReference; explicitFileType = wrapper.framework; includeInIndex = 0; path = Pods_gasolinappTests.framework; sourceTree = BUILT_PRODUCTS_DIR; };
		553B3A7A42D477D5A2399556 /* Pods_gasolinappUITests.framework */ = {isa = PBXFileReference; explicitFileType = wrapper.framework; includeInIndex = 0; path = Pods_gasolinappUITests.framework; sourceTree = BUILT_PRODUCTS_DIR; };
		5E8CC93A3E830EFC664A58A4 /* Pods-gasolinapp.release.xcconfig */ = {isa = PBXFileReference; includeInIndex = 1; lastKnownFileType = text.xcconfig; name = "Pods-gasolinapp.release.xcconfig"; path = "Pods/Target Support Files/Pods-gasolinapp/Pods-gasolinapp.release.xcconfig"; sourceTree = "<group>"; };
		6071D20D988E07E6CEC4A744 /* Pods_gasolinapp.framework */ = {isa = PBXFileReference; explicitFileType = wrapper.framework; includeInIndex = 0; path = Pods_gasolinapp.framework; sourceTree = BUILT_PRODUCTS_DIR; };
		E243984920E8C8DA0056C61F /* AppDelegateComponent.swift */ = {isa = PBXFileReference; lastKnownFileType = sourcecode.swift; path = AppDelegateComponent.swift; sourceTree = "<group>"; };
		E243984B20E8C8EA0056C61F /* AppDelegateComponents.swift */ = {isa = PBXFileReference; lastKnownFileType = sourcecode.swift; path = AppDelegateComponents.swift; sourceTree = "<group>"; };
		E243984F20E8CA950056C61F /* RootConnector.swift */ = {isa = PBXFileReference; lastKnownFileType = sourcecode.swift; path = RootConnector.swift; sourceTree = "<group>"; };
		E243985720E8D14D0056C61F /* Storyboards.swift */ = {isa = PBXFileReference; lastKnownFileType = sourcecode.swift; path = Storyboards.swift; sourceTree = "<group>"; };
		E243985920E8D1580056C61F /* Assets.swift */ = {isa = PBXFileReference; lastKnownFileType = sourcecode.swift; path = Assets.swift; sourceTree = "<group>"; };
		E243985C20E94CB10056C61F /* AppDelegateTests.swift */ = {isa = PBXFileReference; lastKnownFileType = sourcecode.swift; path = AppDelegateTests.swift; sourceTree = "<group>"; };
		E243985E20E94D1B0056C61F /* TestingAppDelegate.swift */ = {isa = PBXFileReference; fileEncoding = 4; lastKnownFileType = sourcecode.swift; path = TestingAppDelegate.swift; sourceTree = "<group>"; };
		E243985F20E94D1B0056C61F /* TestingAppDelegateComponents.swift */ = {isa = PBXFileReference; fileEncoding = 4; lastKnownFileType = sourcecode.swift; path = TestingAppDelegateComponents.swift; sourceTree = "<group>"; };
		E243986220E94DDF0056C61F /* main.swift */ = {isa = PBXFileReference; fileEncoding = 4; lastKnownFileType = sourcecode.swift; path = main.swift; sourceTree = "<group>"; };
		E2B8219A20E8BF1A009CD608 /* gasolinapp.app */ = {isa = PBXFileReference; explicitFileType = wrapper.application; includeInIndex = 0; path = gasolinapp.app; sourceTree = BUILT_PRODUCTS_DIR; };
		E2B8219D20E8BF1A009CD608 /* AppDelegate.swift */ = {isa = PBXFileReference; lastKnownFileType = sourcecode.swift; path = AppDelegate.swift; sourceTree = "<group>"; };
		E2B8219F20E8BF1A009CD608 /* ViewController.swift */ = {isa = PBXFileReference; lastKnownFileType = sourcecode.swift; path = ViewController.swift; sourceTree = "<group>"; };
		E2B821A220E8BF1A009CD608 /* Base */ = {isa = PBXFileReference; lastKnownFileType = file.storyboard; name = Base; path = Base.lproj/Main.storyboard; sourceTree = "<group>"; };
		E2B821A420E8BF1C009CD608 /* Assets.xcassets */ = {isa = PBXFileReference; lastKnownFileType = folder.assetcatalog; path = Assets.xcassets; sourceTree = "<group>"; };
		E2B821A720E8BF1C009CD608 /* Base */ = {isa = PBXFileReference; lastKnownFileType = file.storyboard; name = Base; path = Base.lproj/LaunchScreen.storyboard; sourceTree = "<group>"; };
		E2B821A920E8BF1C009CD608 /* Info.plist */ = {isa = PBXFileReference; lastKnownFileType = text.plist.xml; path = Info.plist; sourceTree = "<group>"; };
		E2B821AE20E8BF1C009CD608 /* gasolinappTests.xctest */ = {isa = PBXFileReference; explicitFileType = wrapper.cfbundle; includeInIndex = 0; path = gasolinappTests.xctest; sourceTree = BUILT_PRODUCTS_DIR; };
		E2B821B220E8BF1C009CD608 /* gasolinappTests.swift */ = {isa = PBXFileReference; lastKnownFileType = sourcecode.swift; path = gasolinappTests.swift; sourceTree = "<group>"; };
		E2B821B420E8BF1C009CD608 /* Info.plist */ = {isa = PBXFileReference; lastKnownFileType = text.plist.xml; path = Info.plist; sourceTree = "<group>"; };
		E2B821B920E8BF1C009CD608 /* gasolinappUITests.xctest */ = {isa = PBXFileReference; explicitFileType = wrapper.cfbundle; includeInIndex = 0; path = gasolinappUITests.xctest; sourceTree = BUILT_PRODUCTS_DIR; };
		E2B821BD20E8BF1C009CD608 /* gasolinappUITests.swift */ = {isa = PBXFileReference; lastKnownFileType = sourcecode.swift; path = gasolinappUITests.swift; sourceTree = "<group>"; };
		E2B821BF20E8BF1C009CD608 /* Info.plist */ = {isa = PBXFileReference; lastKnownFileType = text.plist.xml; path = Info.plist; sourceTree = "<group>"; };
		E2B821CC20E8C02C009CD608 /* Podfile */ = {isa = PBXFileReference; fileEncoding = 4; lastKnownFileType = text; path = Podfile; sourceTree = SOURCE_ROOT; xcLanguageSpecificationIdentifier = xcode.lang.ruby; };
		E2C2183F20F0C0E1004EA7D4 /* GoogleService-Info.plist */ = {isa = PBXFileReference; fileEncoding = 4; lastKnownFileType = text.plist.xml; path = "GoogleService-Info.plist"; sourceTree = "<group>"; };
		E2C2184120F0C17E004EA7D4 /* FirebaseAppDelegateComponent.swift */ = {isa = PBXFileReference; lastKnownFileType = sourcecode.swift; path = FirebaseAppDelegateComponent.swift; sourceTree = "<group>"; };
		ECA89A68E14A30D3BAFB9959 /* Pods-gasolinappTests.debug.xcconfig */ = {isa = PBXFileReference; includeInIndex = 1; lastKnownFileType = text.xcconfig; name = "Pods-gasolinappTests.debug.xcconfig"; path = "Pods/Target Support Files/Pods-gasolinappTests/Pods-gasolinappTests.debug.xcconfig"; sourceTree = "<group>"; };
/* End PBXFileReference section */

/* Begin PBXFrameworksBuildPhase section */
		E2B8219720E8BF1A009CD608 /* Frameworks */ = {
			isa = PBXFrameworksBuildPhase;
			buildActionMask = 2147483647;
			files = (
				09268BD5CC811F03B3C74CAD /* Pods_gasolinapp.framework in Frameworks */,
			);
			runOnlyForDeploymentPostprocessing = 0;
		};
		E2B821AB20E8BF1C009CD608 /* Frameworks */ = {
			isa = PBXFrameworksBuildPhase;
			buildActionMask = 2147483647;
			files = (
				DC835603C4AC24131A448428 /* Pods_gasolinappTests.framework in Frameworks */,
			);
			runOnlyForDeploymentPostprocessing = 0;
		};
		E2B821B620E8BF1C009CD608 /* Frameworks */ = {
			isa = PBXFrameworksBuildPhase;
			buildActionMask = 2147483647;
			files = (
				F532909C4DFF70684380D9CF /* Pods_gasolinappUITests.framework in Frameworks */,
			);
			runOnlyForDeploymentPostprocessing = 0;
		};
/* End PBXFrameworksBuildPhase section */

/* Begin PBXGroup section */
		784B360BCD891CE018D586E1 /* Frameworks */ = {
			isa = PBXGroup;
			children = (
				6071D20D988E07E6CEC4A744 /* Pods_gasolinapp.framework */,
				3C7A0AE39AB14A51DBD2C0D4 /* Pods_gasolinappTests.framework */,
				553B3A7A42D477D5A2399556 /* Pods_gasolinappUITests.framework */,
			);
			name = Frameworks;
			sourceTree = "<group>";
		};
		C4D664C2990BF60B8FF79998 /* Pods */ = {
			isa = PBXGroup;
			children = (
				3B71C747267D50D6BE1919B4 /* Pods-gasolinapp.debug.xcconfig */,
				5E8CC93A3E830EFC664A58A4 /* Pods-gasolinapp.release.xcconfig */,
				ECA89A68E14A30D3BAFB9959 /* Pods-gasolinappTests.debug.xcconfig */,
				1DDBBAE134CBE47EE731CB05 /* Pods-gasolinappTests.release.xcconfig */,
				09D23DBC24EF95F321055C75 /* Pods-gasolinappUITests.debug.xcconfig */,
				18372500B3F07AB29C032928 /* Pods-gasolinappUITests.release.xcconfig */,
			);
			name = Pods;
			sourceTree = "<group>";
		};
		E243984720E8C86B0056C61F /* AppDelgate Components */ = {
			isa = PBXGroup;
			children = (
				E243984820E8C8A10056C61F /* Components */,
				E243984920E8C8DA0056C61F /* AppDelegateComponent.swift */,
				E243984B20E8C8EA0056C61F /* AppDelegateComponents.swift */,
			);
			path = "AppDelgate Components";
			sourceTree = "<group>";
		};
		E243984820E8C8A10056C61F /* Components */ = {
			isa = PBXGroup;
			children = (
				E2C2184120F0C17E004EA7D4 /* FirebaseAppDelegateComponent.swift */,
			);
			path = Components;
			sourceTree = "<group>";
		};
		E243984D20E8CA6B0056C61F /* Modules */ = {
			isa = PBXGroup;
			children = (
				E243984E20E8CA770056C61F /* Root */,
			);
			path = Modules;
			sourceTree = "<group>";
		};
		E243984E20E8CA770056C61F /* Root */ = {
			isa = PBXGroup;
			children = (
				E2B8219F20E8BF1A009CD608 /* ViewController.swift */,
				E243984F20E8CA950056C61F /* RootConnector.swift */,
			);
			path = Root;
			sourceTree = "<group>";
		};
		E243985120E8CBF80056C61F /* Resources */ = {
			isa = PBXGroup;
			children = (
				E2B821A420E8BF1C009CD608 /* Assets.xcassets */,
				E243985720E8D14D0056C61F /* Storyboards.swift */,
				E243985920E8D1580056C61F /* Assets.swift */,
			);
			path = Resources;
			sourceTree = "<group>";
		};
		E243985320E8CD4B0056C61F /* Extensions */ = {
			isa = PBXGroup;
			children = (
			);
			path = Extensions;
			sourceTree = "<group>";
		};
		E243985B20E94B2B0056C61F /* AppDelegate */ = {
			isa = PBXGroup;
			children = (
				E243985F20E94D1B0056C61F /* TestingAppDelegateComponents.swift */,
				E243985E20E94D1B0056C61F /* TestingAppDelegate.swift */,
				E243985C20E94CB10056C61F /* AppDelegateTests.swift */,
			);
			path = AppDelegate;
			sourceTree = "<group>";
		};
		E2B8219120E8BF1A009CD608 = {
			isa = PBXGroup;
			children = (
				E2B8219C20E8BF1A009CD608 /* gasolinapp */,
				E2B821B120E8BF1C009CD608 /* gasolinappTests */,
				E2B821BC20E8BF1C009CD608 /* gasolinappUITests */,
				E2B8219B20E8BF1A009CD608 /* Products */,
				C4D664C2990BF60B8FF79998 /* Pods */,
				784B360BCD891CE018D586E1 /* Frameworks */,
			);
			sourceTree = "<group>";
		};
		E2B8219B20E8BF1A009CD608 /* Products */ = {
			isa = PBXGroup;
			children = (
				E2B8219A20E8BF1A009CD608 /* gasolinapp.app */,
				E2B821AE20E8BF1C009CD608 /* gasolinappTests.xctest */,
				E2B821B920E8BF1C009CD608 /* gasolinappUITests.xctest */,
			);
			name = Products;
			sourceTree = "<group>";
		};
		E2B8219C20E8BF1A009CD608 /* gasolinapp */ = {
			isa = PBXGroup;
			children = (
				E243985320E8CD4B0056C61F /* Extensions */,
				E243984D20E8CA6B0056C61F /* Modules */,
				E243986220E94DDF0056C61F /* main.swift */,
				E2B8219D20E8BF1A009CD608 /* AppDelegate.swift */,
				E243984720E8C86B0056C61F /* AppDelgate Components */,
				E2B821CB20E8C008009CD608 /* Supporting Files */,
				E243985120E8CBF80056C61F /* Resources */,
				E2B821A120E8BF1A009CD608 /* Main.storyboard */,
				E2B821A620E8BF1C009CD608 /* LaunchScreen.storyboard */,
			);
			path = gasolinapp;
			sourceTree = "<group>";
		};
		E2B821B120E8BF1C009CD608 /* gasolinappTests */ = {
			isa = PBXGroup;
			children = (
				E243985B20E94B2B0056C61F /* AppDelegate */,
				E2B821B220E8BF1C009CD608 /* gasolinappTests.swift */,
				E2B821B420E8BF1C009CD608 /* Info.plist */,
			);
			path = gasolinappTests;
			sourceTree = "<group>";
		};
		E2B821BC20E8BF1C009CD608 /* gasolinappUITests */ = {
			isa = PBXGroup;
			children = (
				E2B821BD20E8BF1C009CD608 /* gasolinappUITests.swift */,
				E2B821BF20E8BF1C009CD608 /* Info.plist */,
			);
			path = gasolinappUITests;
			sourceTree = "<group>";
		};
		E2B821CB20E8C008009CD608 /* Supporting Files */ = {
			isa = PBXGroup;
			children = (
				E2B821CC20E8C02C009CD608 /* Podfile */,
				E2B821A920E8BF1C009CD608 /* Info.plist */,
				E2C2183F20F0C0E1004EA7D4 /* GoogleService-Info.plist */,
			);
			path = "Supporting Files";
			sourceTree = "<group>";
		};
/* End PBXGroup section */

/* Begin PBXNativeTarget section */
		E2B8219920E8BF1A009CD608 /* gasolinapp */ = {
			isa = PBXNativeTarget;
			buildConfigurationList = E2B821C220E8BF1C009CD608 /* Build configuration list for PBXNativeTarget "gasolinapp" */;
			buildPhases = (
				07EB5BC2D7B68B76C2879CEA /* [CP] Check Pods Manifest.lock */,
				E243985620E8D0890056C61F /* SwiftGen Scripts */,
				E2B8219620E8BF1A009CD608 /* Sources */,
				E2B8219720E8BF1A009CD608 /* Frameworks */,
				E2B8219820E8BF1A009CD608 /* Resources */,
				F2E4471579B18790117CF308 /* [CP] Embed Pods Frameworks */,
				438804C2F5BB59DADCD845C7 /* [CP] Copy Pods Resources */,
			);
			buildRules = (
			);
			dependencies = (
			);
			name = gasolinapp;
			productName = gasolinapp;
			productReference = E2B8219A20E8BF1A009CD608 /* gasolinapp.app */;
			productType = "com.apple.product-type.application";
		};
		E2B821AD20E8BF1C009CD608 /* gasolinappTests */ = {
			isa = PBXNativeTarget;
			buildConfigurationList = E2B821C520E8BF1C009CD608 /* Build configuration list for PBXNativeTarget "gasolinappTests" */;
			buildPhases = (
				847E7D5F1F8231C19A1EC63D /* [CP] Check Pods Manifest.lock */,
				E2B821AA20E8BF1C009CD608 /* Sources */,
				E2B821AB20E8BF1C009CD608 /* Frameworks */,
				E2B821AC20E8BF1C009CD608 /* Resources */,
				C6A7A6C82A44F147F86E0201 /* [CP] Embed Pods Frameworks */,
				E5708127A3C240D6612675B3 /* [CP] Copy Pods Resources */,
			);
			buildRules = (
			);
			dependencies = (
				E2B821B020E8BF1C009CD608 /* PBXTargetDependency */,
			);
			name = gasolinappTests;
			productName = gasolinappTests;
			productReference = E2B821AE20E8BF1C009CD608 /* gasolinappTests.xctest */;
			productType = "com.apple.product-type.bundle.unit-test";
		};
		E2B821B820E8BF1C009CD608 /* gasolinappUITests */ = {
			isa = PBXNativeTarget;
			buildConfigurationList = E2B821C820E8BF1C009CD608 /* Build configuration list for PBXNativeTarget "gasolinappUITests" */;
			buildPhases = (
				8683A8F16C781C34566B4414 /* [CP] Check Pods Manifest.lock */,
				E2B821B520E8BF1C009CD608 /* Sources */,
				E2B821B620E8BF1C009CD608 /* Frameworks */,
				E2B821B720E8BF1C009CD608 /* Resources */,
				D96634FD50278EC987CCD515 /* [CP] Embed Pods Frameworks */,
				4C392615F380286B1E4780C5 /* [CP] Copy Pods Resources */,
			);
			buildRules = (
			);
			dependencies = (
				E2B821BB20E8BF1C009CD608 /* PBXTargetDependency */,
			);
			name = gasolinappUITests;
			productName = gasolinappUITests;
			productReference = E2B821B920E8BF1C009CD608 /* gasolinappUITests.xctest */;
			productType = "com.apple.product-type.bundle.ui-testing";
		};
/* End PBXNativeTarget section */

/* Begin PBXProject section */
		E2B8219220E8BF1A009CD608 /* Project object */ = {
			isa = PBXProject;
			attributes = {
				LastSwiftUpdateCheck = 0940;
				LastUpgradeCheck = 0940;
				ORGANIZATIONNAME = acalvomartinez;
				TargetAttributes = {
					E2B8219920E8BF1A009CD608 = {
						CreatedOnToolsVersion = 9.4.1;
					};
					E2B821AD20E8BF1C009CD608 = {
						CreatedOnToolsVersion = 9.4.1;
						TestTargetID = E2B8219920E8BF1A009CD608;
					};
					E2B821B820E8BF1C009CD608 = {
						CreatedOnToolsVersion = 9.4.1;
						TestTargetID = E2B8219920E8BF1A009CD608;
					};
				};
			};
			buildConfigurationList = E2B8219520E8BF1A009CD608 /* Build configuration list for PBXProject "gasolinapp" */;
			compatibilityVersion = "Xcode 9.3";
			developmentRegion = en;
			hasScannedForEncodings = 0;
			knownRegions = (
				en,
				Base,
			);
			mainGroup = E2B8219120E8BF1A009CD608;
			productRefGroup = E2B8219B20E8BF1A009CD608 /* Products */;
			projectDirPath = "";
			projectRoot = "";
			targets = (
				E2B8219920E8BF1A009CD608 /* gasolinapp */,
				E2B821AD20E8BF1C009CD608 /* gasolinappTests */,
				E2B821B820E8BF1C009CD608 /* gasolinappUITests */,
			);
		};
/* End PBXProject section */

/* Begin PBXResourcesBuildPhase section */
		E2B8219820E8BF1A009CD608 /* Resources */ = {
			isa = PBXResourcesBuildPhase;
			buildActionMask = 2147483647;
			files = (
				E2B821A820E8BF1C009CD608 /* LaunchScreen.storyboard in Resources */,
				E2B821A520E8BF1C009CD608 /* Assets.xcassets in Resources */,
				E2C2184020F0C0E1004EA7D4 /* GoogleService-Info.plist in Resources */,
				E2B821CD20E8C02C009CD608 /* Podfile in Resources */,
				E2B821A320E8BF1A009CD608 /* Main.storyboard in Resources */,
			);
			runOnlyForDeploymentPostprocessing = 0;
		};
		E2B821AC20E8BF1C009CD608 /* Resources */ = {
			isa = PBXResourcesBuildPhase;
			buildActionMask = 2147483647;
			files = (
			);
			runOnlyForDeploymentPostprocessing = 0;
		};
		E2B821B720E8BF1C009CD608 /* Resources */ = {
			isa = PBXResourcesBuildPhase;
			buildActionMask = 2147483647;
			files = (
			);
			runOnlyForDeploymentPostprocessing = 0;
		};
/* End PBXResourcesBuildPhase section */

/* Begin PBXShellScriptBuildPhase section */
		07EB5BC2D7B68B76C2879CEA /* [CP] Check Pods Manifest.lock */ = {
			isa = PBXShellScriptBuildPhase;
			buildActionMask = 2147483647;
			files = (
			);
			inputPaths = (
				"${PODS_PODFILE_DIR_PATH}/Podfile.lock",
				"${PODS_ROOT}/Manifest.lock",
			);
			name = "[CP] Check Pods Manifest.lock";
			outputPaths = (
				"$(DERIVED_FILE_DIR)/Pods-gasolinapp-checkManifestLockResult.txt",
			);
			runOnlyForDeploymentPostprocessing = 0;
			shellPath = /bin/sh;
			shellScript = "diff \"${PODS_PODFILE_DIR_PATH}/Podfile.lock\" \"${PODS_ROOT}/Manifest.lock\" > /dev/null\nif [ $? != 0 ] ; then\n    # print error to STDERR\n    echo \"error: The sandbox is not in sync with the Podfile.lock. Run 'pod install' or update your CocoaPods installation.\" >&2\n    exit 1\nfi\n# This output is used by Xcode 'outputs' to avoid re-running this script phase.\necho \"SUCCESS\" > \"${SCRIPT_OUTPUT_FILE_0}\"\n";
			showEnvVarsInLog = 0;
		};
		438804C2F5BB59DADCD845C7 /* [CP] Copy Pods Resources */ = {
			isa = PBXShellScriptBuildPhase;
			buildActionMask = 2147483647;
			files = (
			);
			inputPaths = (
			);
			name = "[CP] Copy Pods Resources";
			outputPaths = (
			);
			runOnlyForDeploymentPostprocessing = 0;
			shellPath = /bin/sh;
			shellScript = "\"${SRCROOT}/Pods/Target Support Files/Pods-gasolinapp/Pods-gasolinapp-resources.sh\"\n";
			showEnvVarsInLog = 0;
		};
		4C392615F380286B1E4780C5 /* [CP] Copy Pods Resources */ = {
			isa = PBXShellScriptBuildPhase;
			buildActionMask = 2147483647;
			files = (
			);
			inputPaths = (
			);
			name = "[CP] Copy Pods Resources";
			outputPaths = (
			);
			runOnlyForDeploymentPostprocessing = 0;
			shellPath = /bin/sh;
			shellScript = "\"${SRCROOT}/Pods/Target Support Files/Pods-gasolinappUITests/Pods-gasolinappUITests-resources.sh\"\n";
			showEnvVarsInLog = 0;
		};
		847E7D5F1F8231C19A1EC63D /* [CP] Check Pods Manifest.lock */ = {
			isa = PBXShellScriptBuildPhase;
			buildActionMask = 2147483647;
			files = (
			);
			inputPaths = (
				"${PODS_PODFILE_DIR_PATH}/Podfile.lock",
				"${PODS_ROOT}/Manifest.lock",
			);
			name = "[CP] Check Pods Manifest.lock";
			outputPaths = (
				"$(DERIVED_FILE_DIR)/Pods-gasolinappTests-checkManifestLockResult.txt",
			);
			runOnlyForDeploymentPostprocessing = 0;
			shellPath = /bin/sh;
			shellScript = "diff \"${PODS_PODFILE_DIR_PATH}/Podfile.lock\" \"${PODS_ROOT}/Manifest.lock\" > /dev/null\nif [ $? != 0 ] ; then\n    # print error to STDERR\n    echo \"error: The sandbox is not in sync with the Podfile.lock. Run 'pod install' or update your CocoaPods installation.\" >&2\n    exit 1\nfi\n# This output is used by Xcode 'outputs' to avoid re-running this script phase.\necho \"SUCCESS\" > \"${SCRIPT_OUTPUT_FILE_0}\"\n";
			showEnvVarsInLog = 0;
		};
		8683A8F16C781C34566B4414 /* [CP] Check Pods Manifest.lock */ = {
			isa = PBXShellScriptBuildPhase;
			buildActionMask = 2147483647;
			files = (
			);
			inputPaths = (
				"${PODS_PODFILE_DIR_PATH}/Podfile.lock",
				"${PODS_ROOT}/Manifest.lock",
			);
			name = "[CP] Check Pods Manifest.lock";
			outputPaths = (
				"$(DERIVED_FILE_DIR)/Pods-gasolinappUITests-checkManifestLockResult.txt",
			);
			runOnlyForDeploymentPostprocessing = 0;
			shellPath = /bin/sh;
			shellScript = "diff \"${PODS_PODFILE_DIR_PATH}/Podfile.lock\" \"${PODS_ROOT}/Manifest.lock\" > /dev/null\nif [ $? != 0 ] ; then\n    # print error to STDERR\n    echo \"error: The sandbox is not in sync with the Podfile.lock. Run 'pod install' or update your CocoaPods installation.\" >&2\n    exit 1\nfi\n# This output is used by Xcode 'outputs' to avoid re-running this script phase.\necho \"SUCCESS\" > \"${SCRIPT_OUTPUT_FILE_0}\"\n";
			showEnvVarsInLog = 0;
		};
		C6A7A6C82A44F147F86E0201 /* [CP] Embed Pods Frameworks */ = {
			isa = PBXShellScriptBuildPhase;
			buildActionMask = 2147483647;
			files = (
			);
			inputPaths = (
			);
			name = "[CP] Embed Pods Frameworks";
			outputPaths = (
			);
			runOnlyForDeploymentPostprocessing = 0;
			shellPath = /bin/sh;
			shellScript = "\"${SRCROOT}/Pods/Target Support Files/Pods-gasolinappTests/Pods-gasolinappTests-frameworks.sh\"\n";
			showEnvVarsInLog = 0;
		};
		D96634FD50278EC987CCD515 /* [CP] Embed Pods Frameworks */ = {
			isa = PBXShellScriptBuildPhase;
			buildActionMask = 2147483647;
			files = (
			);
			inputPaths = (
			);
			name = "[CP] Embed Pods Frameworks";
			outputPaths = (
			);
			runOnlyForDeploymentPostprocessing = 0;
			shellPath = /bin/sh;
			shellScript = "\"${SRCROOT}/Pods/Target Support Files/Pods-gasolinappUITests/Pods-gasolinappUITests-frameworks.sh\"\n";
			showEnvVarsInLog = 0;
		};
		E243985620E8D0890056C61F /* SwiftGen Scripts */ = {
			isa = PBXShellScriptBuildPhase;
			buildActionMask = 2147483647;
			files = (
			);
			inputPaths = (
			);
			name = "SwiftGen Scripts";
			outputPaths = (
			);
			runOnlyForDeploymentPostprocessing = 0;
			shellPath = /bin/sh;
			shellScript = "if which $PODS_ROOT/SwiftGen/bin/swiftgen >/dev/null; then\n$PODS_ROOT/SwiftGen/bin/swiftgen storyboards \"$PROJECT_DIR/gasolinapp/\" -p \"$PROJECT_DIR/swiftgen-templates/storyboards-swift4.stencil\" --output \"$PROJECT_DIR/gasolinapp/Resources/Storyboards.swift\"\n$PODS_ROOT/SwiftGen/bin/swiftgen xcassets \"$PROJECT_DIR/gasolinapp/Resources/Assets.xcassets\" -p \"$PROJECT_DIR/swiftgen-templates/xcassets-swift4.stencil\" --output \"$PROJECT_DIR/gasolinapp/Resources/Assets.swift\"\nelse\necho \"warning: SwiftGen not installed, download it from https://github.com/AliSoftware/SwiftGen\"\nfi";
		};
		E5708127A3C240D6612675B3 /* [CP] Copy Pods Resources */ = {
			isa = PBXShellScriptBuildPhase;
			buildActionMask = 2147483647;
			files = (
			);
			inputPaths = (
			);
			name = "[CP] Copy Pods Resources";
			outputPaths = (
			);
			runOnlyForDeploymentPostprocessing = 0;
			shellPath = /bin/sh;
			shellScript = "\"${SRCROOT}/Pods/Target Support Files/Pods-gasolinappTests/Pods-gasolinappTests-resources.sh\"\n";
			showEnvVarsInLog = 0;
		};
		F2E4471579B18790117CF308 /* [CP] Embed Pods Frameworks */ = {
			isa = PBXShellScriptBuildPhase;
			buildActionMask = 2147483647;
			files = (
			);
			inputPaths = (
				"${SRCROOT}/Pods/Target Support Files/Pods-gasolinapp/Pods-gasolinapp-frameworks.sh",
				"${BUILT_PRODUCTS_DIR}/GoogleToolboxForMac/GoogleToolboxForMac.framework",
				"${BUILT_PRODUCTS_DIR}/Result/Result.framework",
				"${BUILT_PRODUCTS_DIR}/SwiftyBeaver/SwiftyBeaver.framework",
				"${BUILT_PRODUCTS_DIR}/nanopb/nanopb.framework",
			);
			name = "[CP] Embed Pods Frameworks";
			outputPaths = (
				"${TARGET_BUILD_DIR}/${FRAMEWORKS_FOLDER_PATH}/GoogleToolboxForMac.framework",
				"${TARGET_BUILD_DIR}/${FRAMEWORKS_FOLDER_PATH}/Result.framework",
				"${TARGET_BUILD_DIR}/${FRAMEWORKS_FOLDER_PATH}/SwiftyBeaver.framework",
				"${TARGET_BUILD_DIR}/${FRAMEWORKS_FOLDER_PATH}/nanopb.framework",
			);
			runOnlyForDeploymentPostprocessing = 0;
			shellPath = /bin/sh;
			shellScript = "\"${SRCROOT}/Pods/Target Support Files/Pods-gasolinapp/Pods-gasolinapp-frameworks.sh\"\n";
			showEnvVarsInLog = 0;
		};
/* End PBXShellScriptBuildPhase section */

/* Begin PBXSourcesBuildPhase section */
		E2B8219620E8BF1A009CD608 /* Sources */ = {
			isa = PBXSourcesBuildPhase;
			buildActionMask = 2147483647;
			files = (
				E243985820E8D14D0056C61F /* Storyboards.swift in Sources */,
				E243985A20E8D1580056C61F /* Assets.swift in Sources */,
				E243986320E94DE00056C61F /* main.swift in Sources */,
				E243985020E8CA950056C61F /* RootConnector.swift in Sources */,
				E243984C20E8C8EA0056C61F /* AppDelegateComponents.swift in Sources */,
				E2B821A020E8BF1A009CD608 /* ViewController.swift in Sources */,
				E2C2184220F0C17E004EA7D4 /* FirebaseAppDelegateComponent.swift in Sources */,
				E243984A20E8C8DA0056C61F /* AppDelegateComponent.swift in Sources */,
				E2B8219E20E8BF1A009CD608 /* AppDelegate.swift in Sources */,
			);
			runOnlyForDeploymentPostprocessing = 0;
		};
		E2B821AA20E8BF1C009CD608 /* Sources */ = {
			isa = PBXSourcesBuildPhase;
			buildActionMask = 2147483647;
			files = (
				E243986020E94D1C0056C61F /* TestingAppDelegate.swift in Sources */,
				E243986120E94D1C0056C61F /* TestingAppDelegateComponents.swift in Sources */,
				E243985D20E94CB10056C61F /* AppDelegateTests.swift in Sources */,
				E2B821B320E8BF1C009CD608 /* gasolinappTests.swift in Sources */,
			);
			runOnlyForDeploymentPostprocessing = 0;
		};
		E2B821B520E8BF1C009CD608 /* Sources */ = {
			isa = PBXSourcesBuildPhase;
			buildActionMask = 2147483647;
			files = (
				E2B821BE20E8BF1C009CD608 /* gasolinappUITests.swift in Sources */,
			);
			runOnlyForDeploymentPostprocessing = 0;
		};
/* End PBXSourcesBuildPhase section */

/* Begin PBXTargetDependency section */
		E2B821B020E8BF1C009CD608 /* PBXTargetDependency */ = {
			isa = PBXTargetDependency;
			target = E2B8219920E8BF1A009CD608 /* gasolinapp */;
			targetProxy = E2B821AF20E8BF1C009CD608 /* PBXContainerItemProxy */;
		};
		E2B821BB20E8BF1C009CD608 /* PBXTargetDependency */ = {
			isa = PBXTargetDependency;
			target = E2B8219920E8BF1A009CD608 /* gasolinapp */;
			targetProxy = E2B821BA20E8BF1C009CD608 /* PBXContainerItemProxy */;
		};
/* End PBXTargetDependency section */

/* Begin PBXVariantGroup section */
		E2B821A120E8BF1A009CD608 /* Main.storyboard */ = {
			isa = PBXVariantGroup;
			children = (
				E2B821A220E8BF1A009CD608 /* Base */,
			);
			name = Main.storyboard;
			sourceTree = "<group>";
		};
		E2B821A620E8BF1C009CD608 /* LaunchScreen.storyboard */ = {
			isa = PBXVariantGroup;
			children = (
				E2B821A720E8BF1C009CD608 /* Base */,
			);
			name = LaunchScreen.storyboard;
			sourceTree = "<group>";
		};
/* End PBXVariantGroup section */

/* Begin XCBuildConfiguration section */
		E2B821C020E8BF1C009CD608 /* Debug */ = {
			isa = XCBuildConfiguration;
			buildSettings = {
				ALWAYS_SEARCH_USER_PATHS = NO;
				CLANG_ANALYZER_NONNULL = YES;
				CLANG_ANALYZER_NUMBER_OBJECT_CONVERSION = YES_AGGRESSIVE;
				CLANG_CXX_LANGUAGE_STANDARD = "gnu++14";
				CLANG_CXX_LIBRARY = "libc++";
				CLANG_ENABLE_MODULES = YES;
				CLANG_ENABLE_OBJC_ARC = YES;
				CLANG_ENABLE_OBJC_WEAK = YES;
				CLANG_WARN_BLOCK_CAPTURE_AUTORELEASING = YES;
				CLANG_WARN_BOOL_CONVERSION = YES;
				CLANG_WARN_COMMA = YES;
				CLANG_WARN_CONSTANT_CONVERSION = YES;
				CLANG_WARN_DEPRECATED_OBJC_IMPLEMENTATIONS = YES;
				CLANG_WARN_DIRECT_OBJC_ISA_USAGE = YES_ERROR;
				CLANG_WARN_DOCUMENTATION_COMMENTS = YES;
				CLANG_WARN_EMPTY_BODY = YES;
				CLANG_WARN_ENUM_CONVERSION = YES;
				CLANG_WARN_INFINITE_RECURSION = YES;
				CLANG_WARN_INT_CONVERSION = YES;
				CLANG_WARN_NON_LITERAL_NULL_CONVERSION = YES;
				CLANG_WARN_OBJC_IMPLICIT_RETAIN_SELF = YES;
				CLANG_WARN_OBJC_LITERAL_CONVERSION = YES;
				CLANG_WARN_OBJC_ROOT_CLASS = YES_ERROR;
				CLANG_WARN_RANGE_LOOP_ANALYSIS = YES;
				CLANG_WARN_STRICT_PROTOTYPES = YES;
				CLANG_WARN_SUSPICIOUS_MOVE = YES;
				CLANG_WARN_UNGUARDED_AVAILABILITY = YES_AGGRESSIVE;
				CLANG_WARN_UNREACHABLE_CODE = YES;
				CLANG_WARN__DUPLICATE_METHOD_MATCH = YES;
				CODE_SIGN_IDENTITY = "iPhone Developer";
				COPY_PHASE_STRIP = NO;
				DEBUG_INFORMATION_FORMAT = dwarf;
				ENABLE_STRICT_OBJC_MSGSEND = YES;
				ENABLE_TESTABILITY = YES;
				GCC_C_LANGUAGE_STANDARD = gnu11;
				GCC_DYNAMIC_NO_PIC = NO;
				GCC_NO_COMMON_BLOCKS = YES;
				GCC_OPTIMIZATION_LEVEL = 0;
				GCC_PREPROCESSOR_DEFINITIONS = (
					"DEBUG=1",
					"$(inherited)",
				);
				GCC_WARN_64_TO_32_BIT_CONVERSION = YES;
				GCC_WARN_ABOUT_RETURN_TYPE = YES_ERROR;
				GCC_WARN_UNDECLARED_SELECTOR = YES;
				GCC_WARN_UNINITIALIZED_AUTOS = YES_AGGRESSIVE;
				GCC_WARN_UNUSED_FUNCTION = YES;
				GCC_WARN_UNUSED_VARIABLE = YES;
				IPHONEOS_DEPLOYMENT_TARGET = 11.4;
				MTL_ENABLE_DEBUG_INFO = YES;
				ONLY_ACTIVE_ARCH = YES;
				SDKROOT = iphoneos;
				SWIFT_ACTIVE_COMPILATION_CONDITIONS = DEBUG;
				SWIFT_OPTIMIZATION_LEVEL = "-Onone";
			};
			name = Debug;
		};
		E2B821C120E8BF1C009CD608 /* Release */ = {
			isa = XCBuildConfiguration;
			buildSettings = {
				ALWAYS_SEARCH_USER_PATHS = NO;
				CLANG_ANALYZER_NONNULL = YES;
				CLANG_ANALYZER_NUMBER_OBJECT_CONVERSION = YES_AGGRESSIVE;
				CLANG_CXX_LANGUAGE_STANDARD = "gnu++14";
				CLANG_CXX_LIBRARY = "libc++";
				CLANG_ENABLE_MODULES = YES;
				CLANG_ENABLE_OBJC_ARC = YES;
				CLANG_ENABLE_OBJC_WEAK = YES;
				CLANG_WARN_BLOCK_CAPTURE_AUTORELEASING = YES;
				CLANG_WARN_BOOL_CONVERSION = YES;
				CLANG_WARN_COMMA = YES;
				CLANG_WARN_CONSTANT_CONVERSION = YES;
				CLANG_WARN_DEPRECATED_OBJC_IMPLEMENTATIONS = YES;
				CLANG_WARN_DIRECT_OBJC_ISA_USAGE = YES_ERROR;
				CLANG_WARN_DOCUMENTATION_COMMENTS = YES;
				CLANG_WARN_EMPTY_BODY = YES;
				CLANG_WARN_ENUM_CONVERSION = YES;
				CLANG_WARN_INFINITE_RECURSION = YES;
				CLANG_WARN_INT_CONVERSION = YES;
				CLANG_WARN_NON_LITERAL_NULL_CONVERSION = YES;
				CLANG_WARN_OBJC_IMPLICIT_RETAIN_SELF = YES;
				CLANG_WARN_OBJC_LITERAL_CONVERSION = YES;
				CLANG_WARN_OBJC_ROOT_CLASS = YES_ERROR;
				CLANG_WARN_RANGE_LOOP_ANALYSIS = YES;
				CLANG_WARN_STRICT_PROTOTYPES = YES;
				CLANG_WARN_SUSPICIOUS_MOVE = YES;
				CLANG_WARN_UNGUARDED_AVAILABILITY = YES_AGGRESSIVE;
				CLANG_WARN_UNREACHABLE_CODE = YES;
				CLANG_WARN__DUPLICATE_METHOD_MATCH = YES;
				CODE_SIGN_IDENTITY = "iPhone Developer";
				COPY_PHASE_STRIP = NO;
				DEBUG_INFORMATION_FORMAT = "dwarf-with-dsym";
				ENABLE_NS_ASSERTIONS = NO;
				ENABLE_STRICT_OBJC_MSGSEND = YES;
				GCC_C_LANGUAGE_STANDARD = gnu11;
				GCC_NO_COMMON_BLOCKS = YES;
				GCC_WARN_64_TO_32_BIT_CONVERSION = YES;
				GCC_WARN_ABOUT_RETURN_TYPE = YES_ERROR;
				GCC_WARN_UNDECLARED_SELECTOR = YES;
				GCC_WARN_UNINITIALIZED_AUTOS = YES_AGGRESSIVE;
				GCC_WARN_UNUSED_FUNCTION = YES;
				GCC_WARN_UNUSED_VARIABLE = YES;
				IPHONEOS_DEPLOYMENT_TARGET = 11.4;
				MTL_ENABLE_DEBUG_INFO = NO;
				SDKROOT = iphoneos;
				SWIFT_COMPILATION_MODE = wholemodule;
				SWIFT_OPTIMIZATION_LEVEL = "-O";
				VALIDATE_PRODUCT = YES;
			};
			name = Release;
		};
		E2B821C320E8BF1C009CD608 /* Debug */ = {
			isa = XCBuildConfiguration;
			baseConfigurationReference = 3B71C747267D50D6BE1919B4 /* Pods-gasolinapp.debug.xcconfig */;
			buildSettings = {
				ASSETCATALOG_COMPILER_APPICON_NAME = AppIcon;
				CODE_SIGN_STYLE = Automatic;
				DEVELOPMENT_TEAM = GX34F8EY53;
				INFOPLIST_FILE = "$(SRCROOT)/gasolinapp/Supporting Files/Info.plist";
				LD_RUNPATH_SEARCH_PATHS = (
					"$(inherited)",
					"@executable_path/Frameworks",
				);
				PRODUCT_BUNDLE_IDENTIFIER = com.unagistudio.gasolinapp;
				PRODUCT_NAME = "$(TARGET_NAME)";
				SWIFT_VERSION = 4.0;
				TARGETED_DEVICE_FAMILY = 1;
			};
			name = Debug;
		};
		E2B821C420E8BF1C009CD608 /* Release */ = {
			isa = XCBuildConfiguration;
			baseConfigurationReference = 5E8CC93A3E830EFC664A58A4 /* Pods-gasolinapp.release.xcconfig */;
			buildSettings = {
				ASSETCATALOG_COMPILER_APPICON_NAME = AppIcon;
				CODE_SIGN_STYLE = Automatic;
				DEVELOPMENT_TEAM = GX34F8EY53;
				INFOPLIST_FILE = "$(SRCROOT)/gasolinapp/Supporting Files/Info.plist";
				LD_RUNPATH_SEARCH_PATHS = (
					"$(inherited)",
					"@executable_path/Frameworks",
				);
				PRODUCT_BUNDLE_IDENTIFIER = com.unagistudio.gasolinapp;
				PRODUCT_NAME = "$(TARGET_NAME)";
				SWIFT_VERSION = 4.0;
				TARGETED_DEVICE_FAMILY = 1;
			};
			name = Release;
		};
		E2B821C620E8BF1C009CD608 /* Debug */ = {
			isa = XCBuildConfiguration;
			baseConfigurationReference = ECA89A68E14A30D3BAFB9959 /* Pods-gasolinappTests.debug.xcconfig */;
			buildSettings = {
				ALWAYS_EMBED_SWIFT_STANDARD_LIBRARIES = YES;
				BUNDLE_LOADER = "$(TEST_HOST)";
				CODE_SIGN_STYLE = Automatic;
				DEVELOPMENT_TEAM = GX34F8EY53;
				INFOPLIST_FILE = gasolinappTests/Info.plist;
				LD_RUNPATH_SEARCH_PATHS = (
					"$(inherited)",
					"@executable_path/Frameworks",
					"@loader_path/Frameworks",
				);
				PRODUCT_BUNDLE_IDENTIFIER = com.acalvomartinez.gasolinappTests;
				PRODUCT_NAME = "$(TARGET_NAME)";
				SWIFT_VERSION = 4.0;
				TARGETED_DEVICE_FAMILY = "1,2";
				TEST_HOST = "$(BUILT_PRODUCTS_DIR)/gasolinapp.app/gasolinapp";
			};
			name = Debug;
		};
		E2B821C720E8BF1C009CD608 /* Release */ = {
			isa = XCBuildConfiguration;
			baseConfigurationReference = 1DDBBAE134CBE47EE731CB05 /* Pods-gasolinappTests.release.xcconfig */;
			buildSettings = {
				ALWAYS_EMBED_SWIFT_STANDARD_LIBRARIES = YES;
				BUNDLE_LOADER = "$(TEST_HOST)";
				CODE_SIGN_STYLE = Automatic;
				DEVELOPMENT_TEAM = GX34F8EY53;
				INFOPLIST_FILE = gasolinappTests/Info.plist;
				LD_RUNPATH_SEARCH_PATHS = (
					"$(inherited)",
					"@executable_path/Frameworks",
					"@loader_path/Frameworks",
				);
				PRODUCT_BUNDLE_IDENTIFIER = com.acalvomartinez.gasolinappTests;
				PRODUCT_NAME = "$(TARGET_NAME)";
				SWIFT_VERSION = 4.0;
				TARGETED_DEVICE_FAMILY = "1,2";
				TEST_HOST = "$(BUILT_PRODUCTS_DIR)/gasolinapp.app/gasolinapp";
			};
			name = Release;
		};
		E2B821C920E8BF1C009CD608 /* Debug */ = {
			isa = XCBuildConfiguration;
			baseConfigurationReference = 09D23DBC24EF95F321055C75 /* Pods-gasolinappUITests.debug.xcconfig */;
			buildSettings = {
				ALWAYS_EMBED_SWIFT_STANDARD_LIBRARIES = YES;
				CODE_SIGN_STYLE = Automatic;
				DEVELOPMENT_TEAM = GX34F8EY53;
				INFOPLIST_FILE = gasolinappUITests/Info.plist;
				LD_RUNPATH_SEARCH_PATHS = (
					"$(inherited)",
					"@executable_path/Frameworks",
					"@loader_path/Frameworks",
				);
				PRODUCT_BUNDLE_IDENTIFIER = com.acalvomartinez.gasolinappUITests;
				PRODUCT_NAME = "$(TARGET_NAME)";
				SWIFT_VERSION = 4.0;
				TARGETED_DEVICE_FAMILY = "1,2";
				TEST_TARGET_NAME = gasolinapp;
			};
			name = Debug;
		};
		E2B821CA20E8BF1C009CD608 /* Release */ = {
			isa = XCBuildConfiguration;
			baseConfigurationReference = 18372500B3F07AB29C032928 /* Pods-gasolinappUITests.release.xcconfig */;
			buildSettings = {
				ALWAYS_EMBED_SWIFT_STANDARD_LIBRARIES = YES;
				CODE_SIGN_STYLE = Automatic;
				DEVELOPMENT_TEAM = GX34F8EY53;
				INFOPLIST_FILE = gasolinappUITests/Info.plist;
				LD_RUNPATH_SEARCH_PATHS = (
					"$(inherited)",
					"@executable_path/Frameworks",
					"@loader_path/Frameworks",
				);
				PRODUCT_BUNDLE_IDENTIFIER = com.acalvomartinez.gasolinappUITests;
				PRODUCT_NAME = "$(TARGET_NAME)";
				SWIFT_VERSION = 4.0;
				TARGETED_DEVICE_FAMILY = "1,2";
				TEST_TARGET_NAME = gasolinapp;
			};
			name = Release;
		};
/* End XCBuildConfiguration section */

/* Begin XCConfigurationList section */
		E2B8219520E8BF1A009CD608 /* Build configuration list for PBXProject "gasolinapp" */ = {
			isa = XCConfigurationList;
			buildConfigurations = (
				E2B821C020E8BF1C009CD608 /* Debug */,
				E2B821C120E8BF1C009CD608 /* Release */,
			);
			defaultConfigurationIsVisible = 0;
			defaultConfigurationName = Release;
		};
		E2B821C220E8BF1C009CD608 /* Build configuration list for PBXNativeTarget "gasolinapp" */ = {
			isa = XCConfigurationList;
			buildConfigurations = (
				E2B821C320E8BF1C009CD608 /* Debug */,
				E2B821C420E8BF1C009CD608 /* Release */,
			);
			defaultConfigurationIsVisible = 0;
			defaultConfigurationName = Release;
		};
		E2B821C520E8BF1C009CD608 /* Build configuration list for PBXNativeTarget "gasolinappTests" */ = {
			isa = XCConfigurationList;
			buildConfigurations = (
				E2B821C620E8BF1C009CD608 /* Debug */,
				E2B821C720E8BF1C009CD608 /* Release */,
			);
			defaultConfigurationIsVisible = 0;
			defaultConfigurationName = Release;
		};
		E2B821C820E8BF1C009CD608 /* Build configuration list for PBXNativeTarget "gasolinappUITests" */ = {
			isa = XCConfigurationList;
			buildConfigurations = (
				E2B821C920E8BF1C009CD608 /* Debug */,
				E2B821CA20E8BF1C009CD608 /* Release */,
			);
			defaultConfigurationIsVisible = 0;
			defaultConfigurationName = Release;
		};
/* End XCConfigurationList section */
	};
	rootObject = E2B8219220E8BF1A009CD608 /* Project object */;
}
